# THIS IS AN AUTOGENERATED FILE. DO NOT EDIT THIS FILE DIRECTLY.
# yarn lockfile v1


lodash@4.x.x:
  version "4.17.4"
  resolved "https://registry.yarnpkg.com/lodash/-/lodash-4.17.4.tgz#78203a4d1c328ae1d86dca6460e369b57f4055ae"

shell-utils@1.x.x:
  version "1.0.1"
  resolved "https://registry.yarnpkg.com/shell-utils/-/shell-utils-1.0.1.tgz#f65f40d05999c49569c0928355e9ede15ad2ce07"
  dependencies:
    lodash "4.x.x"
